
Microsoft Visual Studio Solution File, Format Version 12.00
# Visual Studio 15
VisualStudioVersion = 15.0.27004.2009
MinimumVisualStudioVersion = 10.0.40219.1
Project("{FAE04EC0-301F-11D3-BF4B-00C04F79EFBC}") = "Heimdall.Droid.Xamarin", "Heimdall.Droid.Xamarin\Heimdall.Droid.Xamarin.csproj", "{BE48D9C8-ED79-46F9-818A-A00AF859D457}"
EndProject
Project("{FAE04EC0-301F-11D3-BF4B-00C04F79EFBC}") = "Sample", "Sample\Sample.csproj", "{2EC41475-61CF-4D02-AD7D-FAFA9858ADBE}"
EndProject
Project("{FAE04EC0-301F-11D3-BF4B-00C04F79EFBC}") = "RxJava.Droid", "RxJava.Droid\RxJava.Droid.csproj", "{6E16E43F-BD57-477A-AC3A-A6E5DF3ED173}"
EndProject
Global
	GlobalSection(SolutionConfigurationPlatforms) = preSolution
		Debug|Any CPU = Debug|Any CPU
		Release|Any CPU = Release|Any CPU
	EndGlobalSection
	GlobalSection(ProjectConfigurationPlatforms) = postSolution
		{BE48D9C8-ED79-46F9-818A-A00AF859D457}.Debug|Any CPU.ActiveCfg = Debug|Any CPU
		{BE48D9C8-ED79-46F9-818A-A00AF859D457}.Debug|Any CPU.Build.0 = Debug|Any CPU
		{BE48D9C8-ED79-46F9-818A-A00AF859D457}.Release|Any CPU.ActiveCfg = Release|Any CPU
		{BE48D9C8-ED79-46F9-818A-A00AF859D457}.Release|Any CPU.Build.0 = Release|Any CPU
		{2EC41475-61CF-4D02-AD7D-FAFA9858ADBE}.Debug|Any CPU.ActiveCfg = Debug|Any CPU
		{2EC41475-61CF-4D02-AD7D-FAFA9858ADBE}.Debug|Any CPU.Build.0 = Debug|Any CPU
		{2EC41475-61CF-4D02-AD7D-FAFA9858ADBE}.Debug|Any CPU.Deploy.0 = Debug|Any CPU
		{2EC41475-61CF-4D02-AD7D-FAFA9858ADBE}.Release|Any CPU.ActiveCfg = Release|Any CPU
		{2EC41475-61CF-4D02-AD7D-FAFA9858ADBE}.Release|Any CPU.Build.0 = Release|Any CPU
		{2EC41475-61CF-4D02-AD7D-FAFA9858ADBE}.Release|Any CPU.Deploy.0 = Release|Any CPU
		{6E16E43F-BD57-477A-AC3A-A6E5DF3ED173}.Debug|Any CPU.ActiveCfg = Debug|Any CPU
		{6E16E43F-BD57-477A-AC3A-A6E5DF3ED173}.Debug|Any CPU.Build.0 = Debug|Any CPU
		{6E16E43F-BD57-477A-AC3A-A6E5DF3ED173}.Release|Any CPU.ActiveCfg = Release|Any CPU
		{6E16E43F-BD57-477A-AC3A-A6E5DF3ED173}.Release|Any CPU.Build.0 = Release|Any CPU
	EndGlobalSection
	GlobalSection(SolutionProperties) = preSolution
		HideSolutionNode = FALSE
	EndGlobalSection
	GlobalSection(ExtensibilityGlobals) = postSolution
		SolutionGuid = {A5B475CF-A46E-46AD-BB7D-D65DA40EDAC2}
	EndGlobalSection
EndGlobal
